
Microsoft Visual Studio Solution File, Format Version 12.00
# Visual Studio Version 17
VisualStudioVersion = 17.8.34322.80
MinimumVisualStudioVersion = 10.0.40219.1
Project("{FAE04EC0-301F-11D3-BF4B-00C04F79EFBC}") = "WpfApp1", "WpfApp1\WpfApp1.csproj", "{ABB906D8-27B7-4FCA-8B11-A9F32B620FFD}"
EndProject
Global
	GlobalSection(SolutionConfigurationPlatforms) = preSolution
		Debug|Any CPU = Debug|Any CPU
		Release|Any CPU = Release|Any CPU
	EndGlobalSection
	GlobalSection(ProjectConfigurationPlatforms) = postSolution
		{ABB906D8-27B7-4FCA-8B11-A9F32B620FFD}.Debug|Any CPU.ActiveCfg = Debug|Any CPU
		{ABB906D8-27B7-4FCA-8B11-A9F32B620FFD}.Debug|Any CPU.Build.0 = Debug|Any CPU
		{ABB906D8-27B7-4FCA-8B11-A9F32B620FFD}.Release|Any CPU.ActiveCfg = Release|Any CPU
		{ABB906D8-27B7-4FCA-8B11-A9F32B620FFD}.Release|Any CPU.Build.0 = Release|Any CPU
	EndGlobalSection
	GlobalSection(SolutionProperties) = preSolution
		HideSolutionNode = FALSE
	EndGlobalSection
	GlobalSection(ExtensibilityGlobals) = postSolution
		SolutionGuid = {0E8AD067-55ED-46C1-9641-170560FF0DD7}
	EndGlobalSection
EndGlobal
